
Microsoft Visual Studio Solution File, Format Version 12.00
# Visual Studio Express 15 for Windows Desktop
VisualStudioVersion = 15.0.27130.2010
MinimumVisualStudioVersion = 10.0.40219.1
Project("{F184B08F-C81C-45F6-A57F-5ABD9991F28F}") = "CubicleSSD", "CubicleSSD\CubicleSSD.vbproj", "{D15AE503-0E5A-47B0-8FB2-1D634C6F1EC5}"
EndProject
Global
	GlobalSection(SolutionConfigurationPlatforms) = preSolution
		Debug|Any CPU = Debug|Any CPU
		Release|Any CPU = Release|Any CPU
	EndGlobalSection
	GlobalSection(ProjectConfigurationPlatforms) = postSolution
		{D15AE503-0E5A-47B0-8FB2-1D634C6F1EC5}.Debug|Any CPU.ActiveCfg = Debug|Any CPU
		{D15AE503-0E5A-47B0-8FB2-1D634C6F1EC5}.Debug|Any CPU.Build.0 = Debug|Any CPU
		{D15AE503-0E5A-47B0-8FB2-1D634C6F1EC5}.Release|Any CPU.ActiveCfg = Release|Any CPU
		{D15AE503-0E5A-47B0-8FB2-1D634C6F1EC5}.Release|Any CPU.Build.0 = Release|Any CPU
	EndGlobalSection
	GlobalSection(SolutionProperties) = preSolution
		HideSolutionNode = FALSE
	EndGlobalSection
	GlobalSection(ExtensibilityGlobals) = postSolution
		SolutionGuid = {79A761D5-A7C9-4771-8EC2-12DBF00536B5}
	EndGlobalSection
EndGlobal
